
Microsoft Visual Studio Solution File, Format Version 12.00
# Visual Studio Version 16
VisualStudioVersion = 16.0.29102.190
MinimumVisualStudioVersion = 10.0.40219.1
Project("{FAE04EC0-301F-11D3-BF4B-00C04F79EFBC}") = "Asp_Final", "Asp_Final\Asp_Final.csproj", "{A3635518-4EA4-4CC0-8AE6-099F3EB742E0}"
EndProject
Global
	GlobalSection(SolutionConfigurationPlatforms) = preSolution
		Debug|Any CPU = Debug|Any CPU
		Release|Any CPU = Release|Any CPU
	EndGlobalSection
	GlobalSection(ProjectConfigurationPlatforms) = postSolution
		{A3635518-4EA4-4CC0-8AE6-099F3EB742E0}.Debug|Any CPU.ActiveCfg = Debug|Any CPU
		{A3635518-4EA4-4CC0-8AE6-099F3EB742E0}.Debug|Any CPU.Build.0 = Debug|Any CPU
		{A3635518-4EA4-4CC0-8AE6-099F3EB742E0}.Release|Any CPU.ActiveCfg = Release|Any CPU
		{A3635518-4EA4-4CC0-8AE6-099F3EB742E0}.Release|Any CPU.Build.0 = Release|Any CPU
	EndGlobalSection
	GlobalSection(SolutionProperties) = preSolution
		HideSolutionNode = FALSE
	EndGlobalSection
	GlobalSection(ExtensibilityGlobals) = postSolution
		SolutionGuid = {69EA513F-D4AD-4769-879B-1365B44565BB}
	EndGlobalSection
EndGlobal
